
Microsoft Visual Studio Solution File, Format Version 12.00
# Visual Studio 15
VisualStudioVersion = 15.0.26730.16
MinimumVisualStudioVersion = 10.0.40219.1
Project("{FAE04EC0-301F-11D3-BF4B-00C04F79EFBC}") = "MyTeacher.Web", "MyTeacher.Web\MyTeacher.Web.csproj", "{21461CA4-7B4D-4BCC-AB45-53AAF80D9C97}"
EndProject
Global
	GlobalSection(SolutionConfigurationPlatforms) = preSolution
		Debug|Any CPU = Debug|Any CPU
		Release|Any CPU = Release|Any CPU
	EndGlobalSection
	GlobalSection(ProjectConfigurationPlatforms) = postSolution
		{21461CA4-7B4D-4BCC-AB45-53AAF80D9C97}.Debug|Any CPU.ActiveCfg = Debug|Any CPU
		{21461CA4-7B4D-4BCC-AB45-53AAF80D9C97}.Debug|Any CPU.Build.0 = Debug|Any CPU
		{21461CA4-7B4D-4BCC-AB45-53AAF80D9C97}.Release|Any CPU.ActiveCfg = Release|Any CPU
		{21461CA4-7B4D-4BCC-AB45-53AAF80D9C97}.Release|Any CPU.Build.0 = Release|Any CPU
	EndGlobalSection
	GlobalSection(SolutionProperties) = preSolution
		HideSolutionNode = FALSE
	EndGlobalSection
	GlobalSection(ExtensibilityGlobals) = postSolution
		SolutionGuid = {E5E51C66-3BCB-44BA-BB05-8CACB3A0CA8A}
	EndGlobalSection
EndGlobal
