
Microsoft Visual Studio Solution File, Format Version 15.00
# Visual Studio 2017
Project("{FAE04EC0-301F-11D3-BF4B-00C04F79EFBC}") = "MyTeacher.Web", "MyTeacher.Web.csproj", "{95B7F2DF-83D5-4B88-A331-95570978B552}"
EndProject
Global
	GlobalSection(SolutionConfigurationPlatforms) = preSolution
		Debug|Any CPU = Debug|Any CPU
		Release|Any CPU = Release|Any CPU
	EndGlobalSection
	GlobalSection(ProjectConfigurationPlatforms) = postSolution
		{95B7F2DF-83D5-4B88-A331-95570978B552}.Debug|Any CPU.ActiveCfg = Debug|Any CPU
		{95B7F2DF-83D5-4B88-A331-95570978B552}.Debug|Any CPU.Build.0 = Debug|Any CPU
		{95B7F2DF-83D5-4B88-A331-95570978B552}.Release|Any CPU.ActiveCfg = Release|Any CPU
		{95B7F2DF-83D5-4B88-A331-95570978B552}.Release|Any CPU.Build.0 = Release|Any CPU
	EndGlobalSection
EndGlobal
